// !$*UTF8*$!
{
	archiveVersion = 1;
	classes = {
	};
	objectVersion = 50;
	objects = {

/* Begin PBXBuildFile section */
		A8C8B4E9273962B800FC9662 /* AppDelegate.swift in Sources */ = {isa = PBXBuildFile; fileRef = A8C8B4E8273962B800FC9662 /* AppDelegate.swift */; };
		A8C8B4EC273962B800FC9662 /* Main.storyboard in Resources */ = {isa = PBXBuildFile; fileRef = A8C8B4EA273962B800FC9662 /* Main.storyboard */; };
		A8C8B4EE273962B800FC9662 /* ViewController.swift in Sources */ = {isa = PBXBuildFile; fileRef = A8C8B4ED273962B800FC9662 /* ViewController.swift */; };
		A8C8B4F0273962BA00FC9662 /* Assets.xcassets in Resources */ = {isa = PBXBuildFile; fileRef = A8C8B4EF273962BA00FC9662 /* Assets.xcassets */; };
		A8C8B4F7273962BA00FC9662 /* GitHub Wiki Search Extension.appex in Embed App Extensions */ = {isa = PBXBuildFile; fileRef = A8C8B4F6273962BA00FC9662 /* GitHub Wiki Search Extension.appex */; settings = {ATTRIBUTES = (RemoveHeadersOnCopy, ); }; };
		A8C8B4FC273962BA00FC9662 /* Cocoa.framework in Frameworks */ = {isa = PBXBuildFile; fileRef = A8C8B4FB273962BA00FC9662 /* Cocoa.framework */; };
		A8C8B4FF273962BA00FC9662 /* SafariWebExtensionHandler.swift in Sources */ = {isa = PBXBuildFile; fileRef = A8C8B4FE273962BA00FC9662 /* SafariWebExtensionHandler.swift */; };
		A8C8B511273962BB00FC9662 /* icon-16.png in Resources */ = {isa = PBXBuildFile; fileRef = A8C8B50C273962BB00FC9662 /* icon-16.png */; };
		A8C8B512273962BB00FC9662 /* icon-48.png in Resources */ = {isa = PBXBuildFile; fileRef = A8C8B50D273962BB00FC9662 /* icon-48.png */; };
		A8C8B513273962BB00FC9662 /* manifest.json in Resources */ = {isa = PBXBuildFile; fileRef = A8C8B50E273962BB00FC9662 /* manifest.json */; };
		A8C8B514273962BB00FC9662 /* content.js in Resources */ = {isa = PBXBuildFile; fileRef = A8C8B50F273962BB00FC9662 /* content.js */; };
		A8C8B515273962BB00FC9662 /* icon-128.png in Resources */ = {isa = PBXBuildFile; fileRef = A8C8B510273962BB00FC9662 /* icon-128.png */; };
/* End PBXBuildFile section */

/* Begin PBXContainerItemProxy section */
		A8C8B4F8273962BA00FC9662 /* PBXContainerItemProxy */ = {
			isa = PBXContainerItemProxy;
			containerPortal = A8C8B4DC273962B800FC9662 /* Project object */;
			proxyType = 1;
			remoteGlobalIDString = A8C8B4F5273962BA00FC9662;
			remoteInfo = "GitHub Wiki Search Extension";
		};
/* End PBXContainerItemProxy section */

/* Begin PBXCopyFilesBuildPhase section */
		A8C8B507273962BA00FC9662 /* Embed App Extensions */ = {
			isa = PBXCopyFilesBuildPhase;
			buildActionMask = 2147483647;
			dstPath = "";
			dstSubfolderSpec = 13;
			files = (
				A8C8B4F7273962BA00FC9662 /* GitHub Wiki Search Extension.appex in Embed App Extensions */,
			);
			name = "Embed App Extensions";
			runOnlyForDeploymentPostprocessing = 0;
		};
/* End PBXCopyFilesBuildPhase section */

/* Begin PBXFileReference section */
		A8C8B4E4273962B800FC9662 /* GitHub Wiki Search.app */ = {isa = PBXFileReference; explicitFileType = wrapper.application; includeInIndex = 0; path = "GitHub Wiki Search.app"; sourceTree = BUILT_PRODUCTS_DIR; };
		A8C8B4E7273962B800FC9662 /* GitHub_Wiki_Search.entitlements */ = {isa = PBXFileReference; lastKnownFileType = text.plist.entitlements; path = GitHub_Wiki_Search.entitlements; sourceTree = "<group>"; };
		A8C8B4E8273962B800FC9662 /* AppDelegate.swift */ = {isa = PBXFileReference; lastKnownFileType = sourcecode.swift; path = AppDelegate.swift; sourceTree = "<group>"; };
		A8C8B4EB273962B800FC9662 /* Base */ = {isa = PBXFileReference; lastKnownFileType = file.storyboard; name = Base; path = Base.lproj/Main.storyboard; sourceTree = "<group>"; };
		A8C8B4ED273962B800FC9662 /* ViewController.swift */ = {isa = PBXFileReference; lastKnownFileType = sourcecode.swift; path = ViewController.swift; sourceTree = "<group>"; };
		A8C8B4EF273962BA00FC9662 /* Assets.xcassets */ = {isa = PBXFileReference; lastKnownFileType = folder.assetcatalog; path = Assets.xcassets; sourceTree = "<group>"; };
		A8C8B4F1273962BA00FC9662 /* Info.plist */ = {isa = PBXFileReference; lastKnownFileType = text.plist.xml; path = Info.plist; sourceTree = "<group>"; };
		A8C8B4F6273962BA00FC9662 /* GitHub Wiki Search Extension.appex */ = {isa = PBXFileReference; explicitFileType = "wrapper.app-extension"; includeInIndex = 0; path = "GitHub Wiki Search Extension.appex"; sourceTree = BUILT_PRODUCTS_DIR; };
		A8C8B4FB273962BA00FC9662 /* Cocoa.framework */ = {isa = PBXFileReference; lastKnownFileType = wrapper.framework; name = Cocoa.framework; path = System/Library/Frameworks/Cocoa.framework; sourceTree = SDKROOT; };
		A8C8B4FE273962BA00FC9662 /* SafariWebExtensionHandler.swift */ = {isa = PBXFileReference; lastKnownFileType = sourcecode.swift; path = SafariWebExtensionHandler.swift; sourceTree = "<group>"; };
		A8C8B500273962BA00FC9662 /* Info.plist */ = {isa = PBXFileReference; lastKnownFileType = text.plist.xml; path = Info.plist; sourceTree = "<group>"; };
		A8C8B501273962BA00FC9662 /* GitHub_Wiki_Search_Extension.entitlements */ = {isa = PBXFileReference; lastKnownFileType = text.plist.entitlements; path = GitHub_Wiki_Search_Extension.entitlements; sourceTree = "<group>"; };
		A8C8B50C273962BB00FC9662 /* icon-16.png */ = {isa = PBXFileReference; lastKnownFileType = image.png; name = "icon-16.png"; path = "../../dist/icon-16.png"; sourceTree = "<group>"; };
		A8C8B50D273962BB00FC9662 /* icon-48.png */ = {isa = PBXFileReference; lastKnownFileType = image.png; name = "icon-48.png"; path = "../../dist/icon-48.png"; sourceTree = "<group>"; };
		A8C8B50E273962BB00FC9662 /* manifest.json */ = {isa = PBXFileReference; lastKnownFileType = text.json; name = manifest.json; path = ../../dist/manifest.json; sourceTree = "<group>"; };
		A8C8B50F273962BB00FC9662 /* content.js */ = {isa = PBXFileReference; lastKnownFileType = sourcecode.javascript; name = content.js; path = ../../dist/content.js; sourceTree = "<group>"; };
		A8C8B510273962BB00FC9662 /* icon-128.png */ = {isa = PBXFileReference; lastKnownFileType = image.png; name = "icon-128.png"; path = "../../dist/icon-128.png"; sourceTree = "<group>"; };
/* End PBXFileReference section */

/* Begin PBXFrameworksBuildPhase section */
		A8C8B4E1273962B800FC9662 /* Frameworks */ = {
			isa = PBXFrameworksBuildPhase;
			buildActionMask = 2147483647;
			files = (
			);
			runOnlyForDeploymentPostprocessing = 0;
		};
		A8C8B4F3273962BA00FC9662 /* Frameworks */ = {
			isa = PBXFrameworksBuildPhase;
			buildActionMask = 2147483647;
			files = (
				A8C8B4FC273962BA00FC9662 /* Cocoa.framework in Frameworks */,
			);
			runOnlyForDeploymentPostprocessing = 0;
		};
/* End PBXFrameworksBuildPhase section */

/* Begin PBXGroup section */
		A8C8B4DB273962B800FC9662 = {
			isa = PBXGroup;
			children = (
				A8C8B4E6273962B800FC9662 /* GitHub Wiki Search */,
				A8C8B4FD273962BA00FC9662 /* GitHub Wiki Search Extension */,
				A8C8B4FA273962BA00FC9662 /* Frameworks */,
				A8C8B4E5273962B800FC9662 /* Products */,
			);
			sourceTree = "<group>";
		};
		A8C8B4E5273962B800FC9662 /* Products */ = {
			isa = PBXGroup;
			children = (
				A8C8B4E4273962B800FC9662 /* GitHub Wiki Search.app */,
				A8C8B4F6273962BA00FC9662 /* GitHub Wiki Search Extension.appex */,
			);
			name = Products;
			sourceTree = "<group>";
		};
		A8C8B4E6273962B800FC9662 /* GitHub Wiki Search */ = {
			isa = PBXGroup;
			children = (
				A8C8B4E7273962B800FC9662 /* GitHub_Wiki_Search.entitlements */,
				A8C8B4E8273962B800FC9662 /* AppDelegate.swift */,
				A8C8B4EA273962B800FC9662 /* Main.storyboard */,
				A8C8B4ED273962B800FC9662 /* ViewController.swift */,
				A8C8B4EF273962BA00FC9662 /* Assets.xcassets */,
				A8C8B4F1273962BA00FC9662 /* Info.plist */,
			);
			path = "GitHub Wiki Search";
			sourceTree = "<group>";
		};
		A8C8B4FA273962BA00FC9662 /* Frameworks */ = {
			isa = PBXGroup;
			children = (
				A8C8B4FB273962BA00FC9662 /* Cocoa.framework */,
			);
			name = Frameworks;
			sourceTree = "<group>";
		};
		A8C8B4FD273962BA00FC9662 /* GitHub Wiki Search Extension */ = {
			isa = PBXGroup;
			children = (
				A8C8B50B273962BB00FC9662 /* Resources */,
				A8C8B4FE273962BA00FC9662 /* SafariWebExtensionHandler.swift */,
				A8C8B500273962BA00FC9662 /* Info.plist */,
				A8C8B501273962BA00FC9662 /* GitHub_Wiki_Search_Extension.entitlements */,
			);
			path = "GitHub Wiki Search Extension";
			sourceTree = "<group>";
		};
		A8C8B50B273962BB00FC9662 /* Resources */ = {
			isa = PBXGroup;
			children = (
				A8C8B50C273962BB00FC9662 /* icon-16.png */,
				A8C8B50D273962BB00FC9662 /* icon-48.png */,
				A8C8B50E273962BB00FC9662 /* manifest.json */,
				A8C8B50F273962BB00FC9662 /* content.js */,
				A8C8B510273962BB00FC9662 /* icon-128.png */,
			);
			name = Resources;
			path = "GitHub Wiki Search Extension";
			sourceTree = SOURCE_ROOT;
		};
/* End PBXGroup section */

/* Begin PBXNativeTarget section */
		A8C8B4E3273962B800FC9662 /* GitHub Wiki Search */ = {
			isa = PBXNativeTarget;
			buildConfigurationList = A8C8B508273962BA00FC9662 /* Build configuration list for PBXNativeTarget "GitHub Wiki Search" */;
			buildPhases = (
				A8C8B4E0273962B800FC9662 /* Sources */,
				A8C8B4E1273962B800FC9662 /* Frameworks */,
				A8C8B4E2273962B800FC9662 /* Resources */,
				A8C8B507273962BA00FC9662 /* Embed App Extensions */,
			);
			buildRules = (
			);
			dependencies = (
				A8C8B4F9273962BA00FC9662 /* PBXTargetDependency */,
			);
			name = "GitHub Wiki Search";
			productName = "GitHub Wiki Search";
			productReference = A8C8B4E4273962B800FC9662 /* GitHub Wiki Search.app */;
			productType = "com.apple.product-type.application";
		};
		A8C8B4F5273962BA00FC9662 /* GitHub Wiki Search Extension */ = {
			isa = PBXNativeTarget;
			buildConfigurationList = A8C8B504273962BA00FC9662 /* Build configuration list for PBXNativeTarget "GitHub Wiki Search Extension" */;
			buildPhases = (
				A8C8B4F2273962BA00FC9662 /* Sources */,
				A8C8B4F3273962BA00FC9662 /* Frameworks */,
				A8C8B4F4273962BA00FC9662 /* Resources */,
			);
			buildRules = (
			);
			dependencies = (
			);
			name = "GitHub Wiki Search Extension";
			productName = "GitHub Wiki Search Extension";
			productReference = A8C8B4F6273962BA00FC9662 /* GitHub Wiki Search Extension.appex */;
			productType = "com.apple.product-type.app-extension";
		};
/* End PBXNativeTarget section */

/* Begin PBXProject section */
		A8C8B4DC273962B800FC9662 /* Project object */ = {
			isa = PBXProject;
			attributes = {
				LastSwiftUpdateCheck = 1250;
				LastUpgradeCheck = 1250;
				TargetAttributes = {
					A8C8B4E3273962B800FC9662 = {
						CreatedOnToolsVersion = 12.5.1;
					};
					A8C8B4F5273962BA00FC9662 = {
						CreatedOnToolsVersion = 12.5.1;
					};
				};
			};
			buildConfigurationList = A8C8B4DF273962B800FC9662 /* Build configuration list for PBXProject "GitHub Wiki Search" */;
			compatibilityVersion = "Xcode 9.3";
			developmentRegion = en;
			hasScannedForEncodings = 0;
			knownRegions = (
				en,
				Base,
			);
			mainGroup = A8C8B4DB273962B800FC9662;
			productRefGroup = A8C8B4E5273962B800FC9662 /* Products */;
			projectDirPath = "";
			projectRoot = "";
			targets = (
				A8C8B4E3273962B800FC9662 /* GitHub Wiki Search */,
				A8C8B4F5273962BA00FC9662 /* GitHub Wiki Search Extension */,
			);
		};
/* End PBXProject section */

/* Begin PBXResourcesBuildPhase section */
		A8C8B4E2273962B800FC9662 /* Resources */ = {
			isa = PBXResourcesBuildPhase;
			buildActionMask = 2147483647;
			files = (
				A8C8B4F0273962BA00FC9662 /* Assets.xcassets in Resources */,
				A8C8B4EC273962B800FC9662 /* Main.storyboard in Resources */,
			);
			runOnlyForDeploymentPostprocessing = 0;
		};
		A8C8B4F4273962BA00FC9662 /* Resources */ = {
			isa = PBXResourcesBuildPhase;
			buildActionMask = 2147483647;
			files = (
				A8C8B514273962BB00FC9662 /* content.js in Resources */,
				A8C8B512273962BB00FC9662 /* icon-48.png in Resources */,
				A8C8B513273962BB00FC9662 /* manifest.json in Resources */,
				A8C8B511273962BB00FC9662 /* icon-16.png in Resources */,
				A8C8B515273962BB00FC9662 /* icon-128.png in Resources */,
			);
			runOnlyForDeploymentPostprocessing = 0;
		};
/* End PBXResourcesBuildPhase section */

/* Begin PBXSourcesBuildPhase section */
		A8C8B4E0273962B800FC9662 /* Sources */ = {
			isa = PBXSourcesBuildPhase;
			buildActionMask = 2147483647;
			files = (
				A8C8B4EE273962B800FC9662 /* ViewController.swift in Sources */,
				A8C8B4E9273962B800FC9662 /* AppDelegate.swift in Sources */,
			);
			runOnlyForDeploymentPostprocessing = 0;
		};
		A8C8B4F2273962BA00FC9662 /* Sources */ = {
			isa = PBXSourcesBuildPhase;
			buildActionMask = 2147483647;
			files = (
				A8C8B4FF273962BA00FC9662 /* SafariWebExtensionHandler.swift in Sources */,
			);
			runOnlyForDeploymentPostprocessing = 0;
		};
/* End PBXSourcesBuildPhase section */

/* Begin PBXTargetDependency section */
		A8C8B4F9273962BA00FC9662 /* PBXTargetDependency */ = {
			isa = PBXTargetDependency;
			target = A8C8B4F5273962BA00FC9662 /* GitHub Wiki Search Extension */;
			targetProxy = A8C8B4F8273962BA00FC9662 /* PBXContainerItemProxy */;
		};
/* End PBXTargetDependency section */

/* Begin PBXVariantGroup section */
		A8C8B4EA273962B800FC9662 /* Main.storyboard */ = {
			isa = PBXVariantGroup;
			children = (
				A8C8B4EB273962B800FC9662 /* Base */,
			);
			name = Main.storyboard;
			sourceTree = "<group>";
		};
/* End PBXVariantGroup section */

/* Begin XCBuildConfiguration section */
		A8C8B502273962BA00FC9662 /* Debug */ = {
			isa = XCBuildConfiguration;
			buildSettings = {
				ALWAYS_SEARCH_USER_PATHS = NO;
				CLANG_ANALYZER_NONNULL = YES;
				CLANG_ANALYZER_NUMBER_OBJECT_CONVERSION = YES_AGGRESSIVE;
				CLANG_CXX_LANGUAGE_STANDARD = "gnu++14";
				CLANG_CXX_LIBRARY = "libc++";
				CLANG_ENABLE_MODULES = YES;
				CLANG_ENABLE_OBJC_ARC = YES;
				CLANG_ENABLE_OBJC_WEAK = YES;
				CLANG_WARN_BLOCK_CAPTURE_AUTORELEASING = YES;
				CLANG_WARN_BOOL_CONVERSION = YES;
				CLANG_WARN_COMMA = YES;
				CLANG_WARN_CONSTANT_CONVERSION = YES;
				CLANG_WARN_DEPRECATED_OBJC_IMPLEMENTATIONS = YES;
				CLANG_WARN_DIRECT_OBJC_ISA_USAGE = YES_ERROR;
				CLANG_WARN_DOCUMENTATION_COMMENTS = YES;
				CLANG_WARN_EMPTY_BODY = YES;
				CLANG_WARN_ENUM_CONVERSION = YES;
				CLANG_WARN_INFINITE_RECURSION = YES;
				CLANG_WARN_INT_CONVERSION = YES;
				CLANG_WARN_NON_LITERAL_NULL_CONVERSION = YES;
				CLANG_WARN_OBJC_IMPLICIT_RETAIN_SELF = YES;
				CLANG_WARN_OBJC_LITERAL_CONVERSION = YES;
				CLANG_WARN_OBJC_ROOT_CLASS = YES_ERROR;
				CLANG_WARN_QUOTED_INCLUDE_IN_FRAMEWORK_HEADER = YES;
				CLANG_WARN_RANGE_LOOP_ANALYSIS = YES;
				CLANG_WARN_STRICT_PROTOTYPES = YES;
				CLANG_WARN_SUSPICIOUS_MOVE = YES;
				CLANG_WARN_UNGUARDED_AVAILABILITY = YES_AGGRESSIVE;
				CLANG_WARN_UNREACHABLE_CODE = YES;
				CLANG_WARN__DUPLICATE_METHOD_MATCH = YES;
				COPY_PHASE_STRIP = NO;
				DEBUG_INFORMATION_FORMAT = dwarf;
				ENABLE_STRICT_OBJC_MSGSEND = YES;
				ENABLE_TESTABILITY = YES;
				GCC_C_LANGUAGE_STANDARD = gnu11;
				GCC_DYNAMIC_NO_PIC = NO;
				GCC_NO_COMMON_BLOCKS = YES;
				GCC_OPTIMIZATION_LEVEL = 0;
				GCC_PREPROCESSOR_DEFINITIONS = (
					"DEBUG=1",
					"$(inherited)",
				);
				GCC_WARN_64_TO_32_BIT_CONVERSION = YES;
				GCC_WARN_ABOUT_RETURN_TYPE = YES_ERROR;
				GCC_WARN_UNDECLARED_SELECTOR = YES;
				GCC_WARN_UNINITIALIZED_AUTOS = YES_AGGRESSIVE;
				GCC_WARN_UNUSED_FUNCTION = YES;
				GCC_WARN_UNUSED_VARIABLE = YES;
				MACOSX_DEPLOYMENT_TARGET = 11.3;
				MTL_ENABLE_DEBUG_INFO = INCLUDE_SOURCE;
				MTL_FAST_MATH = YES;
				ONLY_ACTIVE_ARCH = YES;
				SDKROOT = macosx;
				SWIFT_ACTIVE_COMPILATION_CONDITIONS = DEBUG;
				SWIFT_OPTIMIZATION_LEVEL = "-Onone";
			};
			name = Debug;
		};
		A8C8B503273962BA00FC9662 /* Release */ = {
			isa = XCBuildConfiguration;
			buildSettings = {
				ALWAYS_SEARCH_USER_PATHS = NO;
				CLANG_ANALYZER_NONNULL = YES;
				CLANG_ANALYZER_NUMBER_OBJECT_CONVERSION = YES_AGGRESSIVE;
				CLANG_CXX_LANGUAGE_STANDARD = "gnu++14";
				CLANG_CXX_LIBRARY = "libc++";
				CLANG_ENABLE_MODULES = YES;
				CLANG_ENABLE_OBJC_ARC = YES;
				CLANG_ENABLE_OBJC_WEAK = YES;
				CLANG_WARN_BLOCK_CAPTURE_AUTORELEASING = YES;
				CLANG_WARN_BOOL_CONVERSION = YES;
				CLANG_WARN_COMMA = YES;
				CLANG_WARN_CONSTANT_CONVERSION = YES;
				CLANG_WARN_DEPRECATED_OBJC_IMPLEMENTATIONS = YES;
				CLANG_WARN_DIRECT_OBJC_ISA_USAGE = YES_ERROR;
				CLANG_WARN_DOCUMENTATION_COMMENTS = YES;
				CLANG_WARN_EMPTY_BODY = YES;
				CLANG_WARN_ENUM_CONVERSION = YES;
				CLANG_WARN_INFINITE_RECURSION = YES;
				CLANG_WARN_INT_CONVERSION = YES;
				CLANG_WARN_NON_LITERAL_NULL_CONVERSION = YES;
				CLANG_WARN_OBJC_IMPLICIT_RETAIN_SELF = YES;
				CLANG_WARN_OBJC_LITERAL_CONVERSION = YES;
				CLANG_WARN_OBJC_ROOT_CLASS = YES_ERROR;
				CLANG_WARN_QUOTED_INCLUDE_IN_FRAMEWORK_HEADER = YES;
				CLANG_WARN_RANGE_LOOP_ANALYSIS = YES;
				CLANG_WARN_STRICT_PROTOTYPES = YES;
				CLANG_WARN_SUSPICIOUS_MOVE = YES;
				CLANG_WARN_UNGUARDED_AVAILABILITY = YES_AGGRESSIVE;
				CLANG_WARN_UNREACHABLE_CODE = YES;
				CLANG_WARN__DUPLICATE_METHOD_MATCH = YES;
				COPY_PHASE_STRIP = NO;
				DEBUG_INFORMATION_FORMAT = "dwarf-with-dsym";
				ENABLE_NS_ASSERTIONS = NO;
				ENABLE_STRICT_OBJC_MSGSEND = YES;
				GCC_C_LANGUAGE_STANDARD = gnu11;
				GCC_NO_COMMON_BLOCKS = YES;
				GCC_WARN_64_TO_32_BIT_CONVERSION = YES;
				GCC_WARN_ABOUT_RETURN_TYPE = YES_ERROR;
				GCC_WARN_UNDECLARED_SELECTOR = YES;
				GCC_WARN_UNINITIALIZED_AUTOS = YES_AGGRESSIVE;
				GCC_WARN_UNUSED_FUNCTION = YES;
				GCC_WARN_UNUSED_VARIABLE = YES;
				MACOSX_DEPLOYMENT_TARGET = 11.3;
				MTL_ENABLE_DEBUG_INFO = NO;
				MTL_FAST_MATH = YES;
				SDKROOT = macosx;
				SWIFT_COMPILATION_MODE = wholemodule;
				SWIFT_OPTIMIZATION_LEVEL = "-O";
			};
			name = Release;
		};
		A8C8B505273962BA00FC9662 /* Debug */ = {
			isa = XCBuildConfiguration;
			buildSettings = {
				ASSETCATALOG_COMPILER_APPICON_NAME = AppIcon;
				CODE_SIGN_ENTITLEMENTS = "GitHub Wiki Search Extension/GitHub_Wiki_Search_Extension.entitlements";
				CODE_SIGN_STYLE = Automatic;
				CURRENT_PROJECT_VERSION = 6;
				DEVELOPMENT_TEAM = CCMGXD25UW;
				INFOPLIST_FILE = "GitHub Wiki Search Extension/Info.plist";
				LD_RUNPATH_SEARCH_PATHS = (
					"$(inherited)",
					"@executable_path/../Frameworks",
					"@executable_path/../../../../Frameworks",
				);
				MACOSX_DEPLOYMENT_TARGET = 10.14;
				PRODUCT_BUNDLE_IDENTIFIER = "com.tannerhodges.GitHub-Wiki-Search.Extension";
				PRODUCT_NAME = "$(TARGET_NAME)";
				SKIP_INSTALL = YES;
				SWIFT_VERSION = 5.0;
			};
			name = Debug;
		};
		A8C8B506273962BA00FC9662 /* Release */ = {
			isa = XCBuildConfiguration;
			buildSettings = {
				ASSETCATALOG_COMPILER_APPICON_NAME = AppIcon;
				CODE_SIGN_ENTITLEMENTS = "GitHub Wiki Search Extension/GitHub_Wiki_Search_Extension.entitlements";
				CODE_SIGN_STYLE = Automatic;
				CURRENT_PROJECT_VERSION = 6;
				DEVELOPMENT_TEAM = CCMGXD25UW;
				INFOPLIST_FILE = "GitHub Wiki Search Extension/Info.plist";
				LD_RUNPATH_SEARCH_PATHS = (
					"$(inherited)",
					"@executable_path/../Frameworks",
					"@executable_path/../../../../Frameworks",
				);
				MACOSX_DEPLOYMENT_TARGET = 10.14;
				PRODUCT_BUNDLE_IDENTIFIER = "com.tannerhodges.GitHub-Wiki-Search.Extension";
				PRODUCT_NAME = "$(TARGET_NAME)";
				SKIP_INSTALL = YES;
				SWIFT_VERSION = 5.0;
			};
			name = Release;
		};
		A8C8B509273962BA00FC9662 /* Debug */ = {
			isa = XCBuildConfiguration;
			buildSettings = {
				ALWAYS_EMBED_SWIFT_STANDARD_LIBRARIES = YES;
				ASSETCATALOG_COMPILER_APPICON_NAME = AppIcon;
				ASSETCATALOG_COMPILER_GLOBAL_ACCENT_COLOR_NAME = AccentColor;
				CODE_SIGN_ENTITLEMENTS = "GitHub Wiki Search/GitHub_Wiki_Search.entitlements";
				CODE_SIGN_IDENTITY = "Apple Development";
				CODE_SIGN_STYLE = Automatic;
				COMBINE_HIDPI_IMAGES = YES;
				CURRENT_PROJECT_VERSION = 6;
				DEVELOPMENT_TEAM = CCMGXD25UW;
				INFOPLIST_FILE = "GitHub Wiki Search/Info.plist";
				LD_RUNPATH_SEARCH_PATHS = (
					"$(inherited)",
					"@executable_path/../Frameworks",
				);
				MACOSX_DEPLOYMENT_TARGET = 10.14;
				PRODUCT_BUNDLE_IDENTIFIER = "com.tannerhodges.GitHub-Wiki-Search";
				PRODUCT_NAME = "$(TARGET_NAME)";
				SWIFT_VERSION = 5.0;
			};
			name = Debug;
		};
		A8C8B50A273962BA00FC9662 /* Release */ = {
			isa = XCBuildConfiguration;
			buildSettings = {
				ALWAYS_EMBED_SWIFT_STANDARD_LIBRARIES = YES;
				ASSETCATALOG_COMPILER_APPICON_NAME = AppIcon;
				ASSETCATALOG_COMPILER_GLOBAL_ACCENT_COLOR_NAME = AccentColor;
				CODE_SIGN_ENTITLEMENTS = "GitHub Wiki Search/GitHub_Wiki_Search.entitlements";
				CODE_SIGN_IDENTITY = "Apple Development";
				CODE_SIGN_STYLE = Automatic;
				COMBINE_HIDPI_IMAGES = YES;
				CURRENT_PROJECT_VERSION = 6;
				DEVELOPMENT_TEAM = CCMGXD25UW;
				INFOPLIST_FILE = "GitHub Wiki Search/Info.plist";
				LD_RUNPATH_SEARCH_PATHS = (
					"$(inherited)",
					"@executable_path/../Frameworks",
				);
				MACOSX_DEPLOYMENT_TARGET = 10.14;
				PRODUCT_BUNDLE_IDENTIFIER = "com.tannerhodges.GitHub-Wiki-Search";
				PRODUCT_NAME = "$(TARGET_NAME)";
				SWIFT_VERSION = 5.0;
			};
			name = Release;
		};
/* End XCBuildConfiguration section */

/* Begin XCConfigurationList section */
		A8C8B4DF273962B800FC9662 /* Build configuration list for PBXProject "GitHub Wiki Search" */ = {
			isa = XCConfigurationList;
			buildConfigurations = (
				A8C8B502273962BA00FC9662 /* Debug */,
				A8C8B503273962BA00FC9662 /* Release */,
			);
			defaultConfigurationIsVisible = 0;
			defaultConfigurationName = Release;
		};
		A8C8B504273962BA00FC9662 /* Build configuration list for PBXNativeTarget "GitHub Wiki Search Extension" */ = {
			isa = XCConfigurationList;
			buildConfigurations = (
				A8C8B505273962BA00FC9662 /* Debug */,
				A8C8B506273962BA00FC9662 /* Release */,
			);
			defaultConfigurationIsVisible = 0;
			defaultConfigurationName = Release;
		};
		A8C8B508273962BA00FC9662 /* Build configuration list for PBXNativeTarget "GitHub Wiki Search" */ = {
			isa = XCConfigurationList;
			buildConfigurations = (
				A8C8B509273962BA00FC9662 /* Debug */,
				A8C8B50A273962BA00FC9662 /* Release */,
			);
			defaultConfigurationIsVisible = 0;
			defaultConfigurationName = Release;
		};
/* End XCConfigurationList section */
	};
	rootObject = A8C8B4DC273962B800FC9662 /* Project object */;
}
